
Microsoft Visual Studio Solution File, Format Version 12.00
# Visual Studio Version 16
VisualStudioVersion = 16.0.29503.13
MinimumVisualStudioVersion = 10.0.40219.1
Project("{9092AA53-FB77-4645-B42D-1CCCA6BD08BD}") = "Configuration", "Configuration.njsproj", "{A0ADD37B-A060-4AF3-96CF-E8ECAD94F248}"
EndProject
Global
	GlobalSection(SolutionConfigurationPlatforms) = preSolution
		Debug|Any CPU = Debug|Any CPU
		Release|Any CPU = Release|Any CPU
	EndGlobalSection
	GlobalSection(ProjectConfigurationPlatforms) = postSolution
		{A0ADD37B-A060-4AF3-96CF-E8ECAD94F248}.Debug|Any CPU.ActiveCfg = Debug|Any CPU
		{A0ADD37B-A060-4AF3-96CF-E8ECAD94F248}.Debug|Any CPU.Build.0 = Debug|Any CPU
		{A0ADD37B-A060-4AF3-96CF-E8ECAD94F248}.Release|Any CPU.ActiveCfg = Release|Any CPU
		{A0ADD37B-A060-4AF3-96CF-E8ECAD94F248}.Release|Any CPU.Build.0 = Release|Any CPU
	EndGlobalSection
	GlobalSection(SolutionProperties) = preSolution
		HideSolutionNode = FALSE
	EndGlobalSection
	GlobalSection(ExtensibilityGlobals) = postSolution
		SolutionGuid = {D37121DA-6718-4974-BFD3-F93144799F39}
	EndGlobalSection
EndGlobal
